// !$*UTF8*$!
{
	archiveVersion = 1;
	classes = {
	};
	objectVersion = 50;
	objects = {

/* Begin PBXBuildFile section */
		D5572585238871E7005C4D48 /* Data.swift in Sources */ = {isa = PBXBuildFile; fileRef = D5572583238871E7005C4D48 /* Data.swift */; };
		D5572586238871E7005C4D48 /* Landmark.swift in Sources */ = {isa = PBXBuildFile; fileRef = D5572584238871E7005C4D48 /* Landmark.swift */; };
		D5572595238871FB005C4D48 /* turtlerock.jpg in Resources */ = {isa = PBXBuildFile; fileRef = D5572588238871FB005C4D48 /* turtlerock.jpg */; };
		D5572596238871FB005C4D48 /* silversalmoncreek.jpg in Resources */ = {isa = PBXBuildFile; fileRef = D5572589238871FB005C4D48 /* silversalmoncreek.jpg */; };
		D5572597238871FB005C4D48 /* icybay.jpg in Resources */ = {isa = PBXBuildFile; fileRef = D557258A238871FB005C4D48 /* icybay.jpg */; };
		D5572598238871FB005C4D48 /* lakemcdonald.jpg in Resources */ = {isa = PBXBuildFile; fileRef = D557258B238871FB005C4D48 /* lakemcdonald.jpg */; };
		D5572599238871FB005C4D48 /* hiddenlake.jpg in Resources */ = {isa = PBXBuildFile; fileRef = D557258C238871FB005C4D48 /* hiddenlake.jpg */; };
		D557259A238871FB005C4D48 /* twinlake.jpg in Resources */ = {isa = PBXBuildFile; fileRef = D557258D238871FB005C4D48 /* twinlake.jpg */; };
		D557259B238871FB005C4D48 /* umbagog.jpg in Resources */ = {isa = PBXBuildFile; fileRef = D557258E238871FB005C4D48 /* umbagog.jpg */; };
		D557259C238871FB005C4D48 /* landmarkData.json in Resources */ = {isa = PBXBuildFile; fileRef = D557258F238871FB005C4D48 /* landmarkData.json */; };
		D557259D238871FB005C4D48 /* chincoteague.jpg in Resources */ = {isa = PBXBuildFile; fileRef = D5572590238871FB005C4D48 /* chincoteague.jpg */; };
		D557259E238871FB005C4D48 /* yukon_charleyrivers.jpg in Resources */ = {isa = PBXBuildFile; fileRef = D5572591238871FB005C4D48 /* yukon_charleyrivers.jpg */; };
		D557259F238871FB005C4D48 /* stmarylake.jpg in Resources */ = {isa = PBXBuildFile; fileRef = D5572592238871FB005C4D48 /* stmarylake.jpg */; };
		D55725A0238871FB005C4D48 /* chilkoottrail.jpg in Resources */ = {isa = PBXBuildFile; fileRef = D5572593238871FB005C4D48 /* chilkoottrail.jpg */; };
		D55725A1238871FB005C4D48 /* rainbowlake.jpg in Resources */ = {isa = PBXBuildFile; fileRef = D5572594238871FB005C4D48 /* rainbowlake.jpg */; };
		D5AEFE00238872B600490097 /* LandmarkRow.swift in Sources */ = {isa = PBXBuildFile; fileRef = D5AEFDFF238872B600490097 /* LandmarkRow.swift */; };
		D5AEFE022388750900490097 /* LandmarkList.swift in Sources */ = {isa = PBXBuildFile; fileRef = D5AEFE012388750900490097 /* LandmarkList.swift */; };
		D5B13B8123877A3E00F3FA52 /* AppDelegate.swift in Sources */ = {isa = PBXBuildFile; fileRef = D5B13B8023877A3E00F3FA52 /* AppDelegate.swift */; };
		D5B13B8323877A3E00F3FA52 /* SceneDelegate.swift in Sources */ = {isa = PBXBuildFile; fileRef = D5B13B8223877A3E00F3FA52 /* SceneDelegate.swift */; };
		D5B13B8523877A3E00F3FA52 /* LandmarkDetail.swift in Sources */ = {isa = PBXBuildFile; fileRef = D5B13B8423877A3E00F3FA52 /* LandmarkDetail.swift */; };
		D5B13B8723877A4200F3FA52 /* Assets.xcassets in Resources */ = {isa = PBXBuildFile; fileRef = D5B13B8623877A4200F3FA52 /* Assets.xcassets */; };
		D5B13B8A23877A4200F3FA52 /* Preview Assets.xcassets in Resources */ = {isa = PBXBuildFile; fileRef = D5B13B8923877A4200F3FA52 /* Preview Assets.xcassets */; };
		D5B13B8D23877A4200F3FA52 /* LaunchScreen.storyboard in Resources */ = {isa = PBXBuildFile; fileRef = D5B13B8B23877A4200F3FA52 /* LaunchScreen.storyboard */; };
		D5B13B9823877A4200F3FA52 /* LandmarksTests.swift in Sources */ = {isa = PBXBuildFile; fileRef = D5B13B9723877A4200F3FA52 /* LandmarksTests.swift */; };
		D5B13BA323877A4200F3FA52 /* LandmarksUITests.swift in Sources */ = {isa = PBXBuildFile; fileRef = D5B13BA223877A4200F3FA52 /* LandmarksUITests.swift */; };
		D5B13BB123877EE400F3FA52 /* CircleImage.swift in Sources */ = {isa = PBXBuildFile; fileRef = D5B13BB023877EE400F3FA52 /* CircleImage.swift */; };
		D5B13BB3238780AC00F3FA52 /* MapView.swift in Sources */ = {isa = PBXBuildFile; fileRef = D5B13BB2238780AC00F3FA52 /* MapView.swift */; };
		D5BA11A52389C2760054A0A2 /* charleyrivers.jpg in Resources */ = {isa = PBXBuildFile; fileRef = D5BA11A42389C2760054A0A2 /* charleyrivers.jpg */; };
/* End PBXBuildFile section */

/* Begin PBXContainerItemProxy section */
		D5B13B9423877A4200F3FA52 /* PBXContainerItemProxy */ = {
			isa = PBXContainerItemProxy;
			containerPortal = D5B13B7523877A3D00F3FA52 /* Project object */;
			proxyType = 1;
			remoteGlobalIDString = D5B13B7C23877A3E00F3FA52;
			remoteInfo = Landmarks;
		};
		D5B13B9F23877A4200F3FA52 /* PBXContainerItemProxy */ = {
			isa = PBXContainerItemProxy;
			containerPortal = D5B13B7523877A3D00F3FA52 /* Project object */;
			proxyType = 1;
			remoteGlobalIDString = D5B13B7C23877A3E00F3FA52;
			remoteInfo = Landmarks;
		};
/* End PBXContainerItemProxy section */

/* Begin PBXFileReference section */
		D5572583238871E7005C4D48 /* Data.swift */ = {isa = PBXFileReference; fileEncoding = 4; lastKnownFileType = sourcecode.swift; path = Data.swift; sourceTree = "<group>"; };
		D5572584238871E7005C4D48 /* Landmark.swift */ = {isa = PBXFileReference; fileEncoding = 4; lastKnownFileType = sourcecode.swift; path = Landmark.swift; sourceTree = "<group>"; };
		D5572588238871FB005C4D48 /* turtlerock.jpg */ = {isa = PBXFileReference; lastKnownFileType = image.jpeg; path = turtlerock.jpg; sourceTree = "<group>"; };
		D5572589238871FB005C4D48 /* silversalmoncreek.jpg */ = {isa = PBXFileReference; lastKnownFileType = image.jpeg; path = silversalmoncreek.jpg; sourceTree = "<group>"; };
		D557258A238871FB005C4D48 /* icybay.jpg */ = {isa = PBXFileReference; lastKnownFileType = image.jpeg; path = icybay.jpg; sourceTree = "<group>"; };
		D557258B238871FB005C4D48 /* lakemcdonald.jpg */ = {isa = PBXFileReference; lastKnownFileType = image.jpeg; path = lakemcdonald.jpg; sourceTree = "<group>"; };
		D557258C238871FB005C4D48 /* hiddenlake.jpg */ = {isa = PBXFileReference; lastKnownFileType = image.jpeg; path = hiddenlake.jpg; sourceTree = "<group>"; };
		D557258D238871FB005C4D48 /* twinlake.jpg */ = {isa = PBXFileReference; lastKnownFileType = image.jpeg; path = twinlake.jpg; sourceTree = "<group>"; };
		D557258E238871FB005C4D48 /* umbagog.jpg */ = {isa = PBXFileReference; lastKnownFileType = image.jpeg; path = umbagog.jpg; sourceTree = "<group>"; };
		D557258F238871FB005C4D48 /* landmarkData.json */ = {isa = PBXFileReference; fileEncoding = 4; lastKnownFileType = text.json; path = landmarkData.json; sourceTree = "<group>"; };
		D5572590238871FB005C4D48 /* chincoteague.jpg */ = {isa = PBXFileReference; lastKnownFileType = image.jpeg; path = chincoteague.jpg; sourceTree = "<group>"; };
		D5572591238871FB005C4D48 /* yukon_charleyrivers.jpg */ = {isa = PBXFileReference; lastKnownFileType = image.jpeg; path = yukon_charleyrivers.jpg; sourceTree = "<group>"; };
		D5572592238871FB005C4D48 /* stmarylake.jpg */ = {isa = PBXFileReference; lastKnownFileType = image.jpeg; path = stmarylake.jpg; sourceTree = "<group>"; };
		D5572593238871FB005C4D48 /* chilkoottrail.jpg */ = {isa = PBXFileReference; lastKnownFileType = image.jpeg; path = chilkoottrail.jpg; sourceTree = "<group>"; };
		D5572594238871FB005C4D48 /* rainbowlake.jpg */ = {isa = PBXFileReference; lastKnownFileType = image.jpeg; path = rainbowlake.jpg; sourceTree = "<group>"; };
		D5AEFDFF238872B600490097 /* LandmarkRow.swift */ = {isa = PBXFileReference; lastKnownFileType = sourcecode.swift; path = LandmarkRow.swift; sourceTree = "<group>"; };
		D5AEFE012388750900490097 /* LandmarkList.swift */ = {isa = PBXFileReference; lastKnownFileType = sourcecode.swift; path = LandmarkList.swift; sourceTree = "<group>"; };
		D5B13B7D23877A3E00F3FA52 /* Landmarks.app */ = {isa = PBXFileReference; explicitFileType = wrapper.application; includeInIndex = 0; path = Landmarks.app; sourceTree = BUILT_PRODUCTS_DIR; };
		D5B13B8023877A3E00F3FA52 /* AppDelegate.swift */ = {isa = PBXFileReference; lastKnownFileType = sourcecode.swift; path = AppDelegate.swift; sourceTree = "<group>"; };
		D5B13B8223877A3E00F3FA52 /* SceneDelegate.swift */ = {isa = PBXFileReference; lastKnownFileType = sourcecode.swift; path = SceneDelegate.swift; sourceTree = "<group>"; };
		D5B13B8423877A3E00F3FA52 /* LandmarkDetail.swift */ = {isa = PBXFileReference; lastKnownFileType = sourcecode.swift; path = LandmarkDetail.swift; sourceTree = "<group>"; };
		D5B13B8623877A4200F3FA52 /* Assets.xcassets */ = {isa = PBXFileReference; lastKnownFileType = folder.assetcatalog; path = Assets.xcassets; sourceTree = "<group>"; };
		D5B13B8923877A4200F3FA52 /* Preview Assets.xcassets */ = {isa = PBXFileReference; lastKnownFileType = folder.assetcatalog; path = "Preview Assets.xcassets"; sourceTree = "<group>"; };
		D5B13B8C23877A4200F3FA52 /* Base */ = {isa = PBXFileReference; lastKnownFileType = file.storyboard; name = Base; path = Base.lproj/LaunchScreen.storyboard; sourceTree = "<group>"; };
		D5B13B8E23877A4200F3FA52 /* Info.plist */ = {isa = PBXFileReference; lastKnownFileType = text.plist.xml; path = Info.plist; sourceTree = "<group>"; };
		D5B13B9323877A4200F3FA52 /* LandmarksTests.xctest */ = {isa = PBXFileReference; explicitFileType = wrapper.cfbundle; includeInIndex = 0; path = LandmarksTests.xctest; sourceTree = BUILT_PRODUCTS_DIR; };
		D5B13B9723877A4200F3FA52 /* LandmarksTests.swift */ = {isa = PBXFileReference; lastKnownFileType = sourcecode.swift; path = LandmarksTests.swift; sourceTree = "<group>"; };
		D5B13B9923877A4200F3FA52 /* Info.plist */ = {isa = PBXFileReference; lastKnownFileType = text.plist.xml; path = Info.plist; sourceTree = "<group>"; };
		D5B13B9E23877A4200F3FA52 /* LandmarksUITests.xctest */ = {isa = PBXFileReference; explicitFileType = wrapper.cfbundle; includeInIndex = 0; path = LandmarksUITests.xctest; sourceTree = BUILT_PRODUCTS_DIR; };
		D5B13BA223877A4200F3FA52 /* LandmarksUITests.swift */ = {isa = PBXFileReference; lastKnownFileType = sourcecode.swift; path = LandmarksUITests.swift; sourceTree = "<group>"; };
		D5B13BA423877A4200F3FA52 /* Info.plist */ = {isa = PBXFileReference; lastKnownFileType = text.plist.xml; path = Info.plist; sourceTree = "<group>"; };
		D5B13BB023877EE400F3FA52 /* CircleImage.swift */ = {isa = PBXFileReference; lastKnownFileType = sourcecode.swift; path = CircleImage.swift; sourceTree = "<group>"; };
		D5B13BB2238780AC00F3FA52 /* MapView.swift */ = {isa = PBXFileReference; lastKnownFileType = sourcecode.swift; path = MapView.swift; sourceTree = "<group>"; };
		D5BA11A42389C2760054A0A2 /* charleyrivers.jpg */ = {isa = PBXFileReference; lastKnownFileType = image.jpeg; path = charleyrivers.jpg; sourceTree = "<group>"; };
/* End PBXFileReference section */

/* Begin PBXFrameworksBuildPhase section */
		D5B13B7A23877A3E00F3FA52 /* Frameworks */ = {
			isa = PBXFrameworksBuildPhase;
			buildActionMask = 2147483647;
			files = (
			);
			runOnlyForDeploymentPostprocessing = 0;
		};
		D5B13B9023877A4200F3FA52 /* Frameworks */ = {
			isa = PBXFrameworksBuildPhase;
			buildActionMask = 2147483647;
			files = (
			);
			runOnlyForDeploymentPostprocessing = 0;
		};
		D5B13B9B23877A4200F3FA52 /* Frameworks */ = {
			isa = PBXFrameworksBuildPhase;
			buildActionMask = 2147483647;
			files = (
			);
			runOnlyForDeploymentPostprocessing = 0;
		};
/* End PBXFrameworksBuildPhase section */

/* Begin PBXGroup section */
		D5572582238871E7005C4D48 /* Models */ = {
			isa = PBXGroup;
			children = (
				D5572583238871E7005C4D48 /* Data.swift */,
				D5572584238871E7005C4D48 /* Landmark.swift */,
			);
			path = Models;
			sourceTree = "<group>";
		};
		D5572587238871FB005C4D48 /* Resources */ = {
			isa = PBXGroup;
			children = (
				D5BA11A42389C2760054A0A2 /* charleyrivers.jpg */,
				D5572593238871FB005C4D48 /* chilkoottrail.jpg */,
				D5572590238871FB005C4D48 /* chincoteague.jpg */,
				D557258C238871FB005C4D48 /* hiddenlake.jpg */,
				D557258A238871FB005C4D48 /* icybay.jpg */,
				D557258B238871FB005C4D48 /* lakemcdonald.jpg */,
				D5572594238871FB005C4D48 /* rainbowlake.jpg */,
				D5572589238871FB005C4D48 /* silversalmoncreek.jpg */,
				D5572592238871FB005C4D48 /* stmarylake.jpg */,
				D5572588238871FB005C4D48 /* turtlerock.jpg */,
				D557258D238871FB005C4D48 /* twinlake.jpg */,
				D557258E238871FB005C4D48 /* umbagog.jpg */,
				D5572591238871FB005C4D48 /* yukon_charleyrivers.jpg */,
				D557258F238871FB005C4D48 /* landmarkData.json */,
			);
			path = Resources;
			sourceTree = "<group>";
		};
		D5B13B7423877A3D00F3FA52 = {
			isa = PBXGroup;
			children = (
				D5B13B7F23877A3E00F3FA52 /* Landmarks */,
				D5B13B9623877A4200F3FA52 /* LandmarksTests */,
				D5B13BA123877A4200F3FA52 /* LandmarksUITests */,
				D5B13B7E23877A3E00F3FA52 /* Products */,
			);
			sourceTree = "<group>";
		};
		D5B13B7E23877A3E00F3FA52 /* Products */ = {
			isa = PBXGroup;
			children = (
				D5B13B7D23877A3E00F3FA52 /* Landmarks.app */,
				D5B13B9323877A4200F3FA52 /* LandmarksTests.xctest */,
				D5B13B9E23877A4200F3FA52 /* LandmarksUITests.xctest */,
			);
			name = Products;
			sourceTree = "<group>";
		};
		D5B13B7F23877A3E00F3FA52 /* Landmarks */ = {
			isa = PBXGroup;
			children = (
				D5B13B8E23877A4200F3FA52 /* Info.plist */,
				D5B13B8023877A3E00F3FA52 /* AppDelegate.swift */,
				D5B13BB023877EE400F3FA52 /* CircleImage.swift */,
				D5B13B8423877A3E00F3FA52 /* LandmarkDetail.swift */,
				D5AEFE012388750900490097 /* LandmarkList.swift */,
				D5AEFDFF238872B600490097 /* LandmarkRow.swift */,
				D5B13BB2238780AC00F3FA52 /* MapView.swift */,
				D5B13B8223877A3E00F3FA52 /* SceneDelegate.swift */,
				D5B13B8623877A4200F3FA52 /* Assets.xcassets */,
				D5B13B8B23877A4200F3FA52 /* LaunchScreen.storyboard */,
				D5572582238871E7005C4D48 /* Models */,
				D5B13B8823877A4200F3FA52 /* Preview Content */,
				D5572587238871FB005C4D48 /* Resources */,
			);
			path = Landmarks;
			sourceTree = "<group>";
		};
		D5B13B8823877A4200F3FA52 /* Preview Content */ = {
			isa = PBXGroup;
			children = (
				D5B13B8923877A4200F3FA52 /* Preview Assets.xcassets */,
			);
			path = "Preview Content";
			sourceTree = "<group>";
		};
		D5B13B9623877A4200F3FA52 /* LandmarksTests */ = {
			isa = PBXGroup;
			children = (
				D5B13B9723877A4200F3FA52 /* LandmarksTests.swift */,
				D5B13B9923877A4200F3FA52 /* Info.plist */,
			);
			path = LandmarksTests;
			sourceTree = "<group>";
		};
		D5B13BA123877A4200F3FA52 /* LandmarksUITests */ = {
			isa = PBXGroup;
			children = (
				D5B13BA223877A4200F3FA52 /* LandmarksUITests.swift */,
				D5B13BA423877A4200F3FA52 /* Info.plist */,
			);
			path = LandmarksUITests;
			sourceTree = "<group>";
		};
/* End PBXGroup section */

/* Begin PBXNativeTarget section */
		D5B13B7C23877A3E00F3FA52 /* Landmarks */ = {
			isa = PBXNativeTarget;
			buildConfigurationList = D5B13BA723877A4200F3FA52 /* Build configuration list for PBXNativeTarget "Landmarks" */;
			buildPhases = (
				D5B13B7923877A3E00F3FA52 /* Sources */,
				D5B13B7A23877A3E00F3FA52 /* Frameworks */,
				D5B13B7B23877A3E00F3FA52 /* Resources */,
			);
			buildRules = (
			);
			dependencies = (
			);
			name = Landmarks;
			productName = Landmarks;
			productReference = D5B13B7D23877A3E00F3FA52 /* Landmarks.app */;
			productType = "com.apple.product-type.application";
		};
		D5B13B9223877A4200F3FA52 /* LandmarksTests */ = {
			isa = PBXNativeTarget;
			buildConfigurationList = D5B13BAA23877A4200F3FA52 /* Build configuration list for PBXNativeTarget "LandmarksTests" */;
			buildPhases = (
				D5B13B8F23877A4200F3FA52 /* Sources */,
				D5B13B9023877A4200F3FA52 /* Frameworks */,
				D5B13B9123877A4200F3FA52 /* Resources */,
			);
			buildRules = (
			);
			dependencies = (
				D5B13B9523877A4200F3FA52 /* PBXTargetDependency */,
			);
			name = LandmarksTests;
			productName = LandmarksTests;
			productReference = D5B13B9323877A4200F3FA52 /* LandmarksTests.xctest */;
			productType = "com.apple.product-type.bundle.unit-test";
		};
		D5B13B9D23877A4200F3FA52 /* LandmarksUITests */ = {
			isa = PBXNativeTarget;
			buildConfigurationList = D5B13BAD23877A4200F3FA52 /* Build configuration list for PBXNativeTarget "LandmarksUITests" */;
			buildPhases = (
				D5B13B9A23877A4200F3FA52 /* Sources */,
				D5B13B9B23877A4200F3FA52 /* Frameworks */,
				D5B13B9C23877A4200F3FA52 /* Resources */,
			);
			buildRules = (
			);
			dependencies = (
				D5B13BA023877A4200F3FA52 /* PBXTargetDependency */,
			);
			name = LandmarksUITests;
			productName = LandmarksUITests;
			productReference = D5B13B9E23877A4200F3FA52 /* LandmarksUITests.xctest */;
			productType = "com.apple.product-type.bundle.ui-testing";
		};
/* End PBXNativeTarget section */

/* Begin PBXProject section */
		D5B13B7523877A3D00F3FA52 /* Project object */ = {
			isa = PBXProject;
			attributes = {
				LastSwiftUpdateCheck = 1120;
				LastUpgradeCheck = 1120;
				ORGANIZATIONNAME = "Dave Maynard";
				TargetAttributes = {
					D5B13B7C23877A3E00F3FA52 = {
						CreatedOnToolsVersion = 11.2.1;
					};
					D5B13B9223877A4200F3FA52 = {
						CreatedOnToolsVersion = 11.2.1;
						TestTargetID = D5B13B7C23877A3E00F3FA52;
					};
					D5B13B9D23877A4200F3FA52 = {
						CreatedOnToolsVersion = 11.2.1;
						TestTargetID = D5B13B7C23877A3E00F3FA52;
					};
				};
			};
			buildConfigurationList = D5B13B7823877A3D00F3FA52 /* Build configuration list for PBXProject "Landmarks" */;
			compatibilityVersion = "Xcode 9.3";
			developmentRegion = en;
			hasScannedForEncodings = 0;
			knownRegions = (
				en,
				Base,
			);
			mainGroup = D5B13B7423877A3D00F3FA52;
			productRefGroup = D5B13B7E23877A3E00F3FA52 /* Products */;
			projectDirPath = "";
			projectRoot = "";
			targets = (
				D5B13B7C23877A3E00F3FA52 /* Landmarks */,
				D5B13B9223877A4200F3FA52 /* LandmarksTests */,
				D5B13B9D23877A4200F3FA52 /* LandmarksUITests */,
			);
		};
/* End PBXProject section */

/* Begin PBXResourcesBuildPhase section */
		D5B13B7B23877A3E00F3FA52 /* Resources */ = {
			isa = PBXResourcesBuildPhase;
			buildActionMask = 2147483647;
			files = (
				D5572598238871FB005C4D48 /* lakemcdonald.jpg in Resources */,
				D5572596238871FB005C4D48 /* silversalmoncreek.jpg in Resources */,
				D557259C238871FB005C4D48 /* landmarkData.json in Resources */,
				D5572595238871FB005C4D48 /* turtlerock.jpg in Resources */,
				D5B13B8D23877A4200F3FA52 /* LaunchScreen.storyboard in Resources */,
				D557259B238871FB005C4D48 /* umbagog.jpg in Resources */,
				D557259F238871FB005C4D48 /* stmarylake.jpg in Resources */,
				D5BA11A52389C2760054A0A2 /* charleyrivers.jpg in Resources */,
				D557259D238871FB005C4D48 /* chincoteague.jpg in Resources */,
				D5B13B8A23877A4200F3FA52 /* Preview Assets.xcassets in Resources */,
				D5572597238871FB005C4D48 /* icybay.jpg in Resources */,
				D557259A238871FB005C4D48 /* twinlake.jpg in Resources */,
				D5572599238871FB005C4D48 /* hiddenlake.jpg in Resources */,
				D5B13B8723877A4200F3FA52 /* Assets.xcassets in Resources */,
				D55725A1238871FB005C4D48 /* rainbowlake.jpg in Resources */,
				D55725A0238871FB005C4D48 /* chilkoottrail.jpg in Resources */,
				D557259E238871FB005C4D48 /* yukon_charleyrivers.jpg in Resources */,
			);
			runOnlyForDeploymentPostprocessing = 0;
		};
		D5B13B9123877A4200F3FA52 /* Resources */ = {
			isa = PBXResourcesBuildPhase;
			buildActionMask = 2147483647;
			files = (
			);
			runOnlyForDeploymentPostprocessing = 0;
		};
		D5B13B9C23877A4200F3FA52 /* Resources */ = {
			isa = PBXResourcesBuildPhase;
			buildActionMask = 2147483647;
			files = (
			);
			runOnlyForDeploymentPostprocessing = 0;
		};
/* End PBXResourcesBuildPhase section */

/* Begin PBXSourcesBuildPhase section */
		D5B13B7923877A3E00F3FA52 /* Sources */ = {
			isa = PBXSourcesBuildPhase;
			buildActionMask = 2147483647;
			files = (
				D5572586238871E7005C4D48 /* Landmark.swift in Sources */,
				D5B13B8123877A3E00F3FA52 /* AppDelegate.swift in Sources */,
				D5572585238871E7005C4D48 /* Data.swift in Sources */,
				D5B13BB123877EE400F3FA52 /* CircleImage.swift in Sources */,
				D5AEFE022388750900490097 /* LandmarkList.swift in Sources */,
				D5B13BB3238780AC00F3FA52 /* MapView.swift in Sources */,
				D5B13B8323877A3E00F3FA52 /* SceneDelegate.swift in Sources */,
				D5AEFE00238872B600490097 /* LandmarkRow.swift in Sources */,
				D5B13B8523877A3E00F3FA52 /* LandmarkDetail.swift in Sources */,
			);
			runOnlyForDeploymentPostprocessing = 0;
		};
		D5B13B8F23877A4200F3FA52 /* Sources */ = {
			isa = PBXSourcesBuildPhase;
			buildActionMask = 2147483647;
			files = (
				D5B13B9823877A4200F3FA52 /* LandmarksTests.swift in Sources */,
			);
			runOnlyForDeploymentPostprocessing = 0;
		};
		D5B13B9A23877A4200F3FA52 /* Sources */ = {
			isa = PBXSourcesBuildPhase;
			buildActionMask = 2147483647;
			files = (
				D5B13BA323877A4200F3FA52 /* LandmarksUITests.swift in Sources */,
			);
			runOnlyForDeploymentPostprocessing = 0;
		};
/* End PBXSourcesBuildPhase section */

/* Begin PBXTargetDependency section */
		D5B13B9523877A4200F3FA52 /* PBXTargetDependency */ = {
			isa = PBXTargetDependency;
			target = D5B13B7C23877A3E00F3FA52 /* Landmarks */;
			targetProxy = D5B13B9423877A4200F3FA52 /* PBXContainerItemProxy */;
		};
		D5B13BA023877A4200F3FA52 /* PBXTargetDependency */ = {
			isa = PBXTargetDependency;
			target = D5B13B7C23877A3E00F3FA52 /* Landmarks */;
			targetProxy = D5B13B9F23877A4200F3FA52 /* PBXContainerItemProxy */;
		};
/* End PBXTargetDependency section */

/* Begin PBXVariantGroup section */
		D5B13B8B23877A4200F3FA52 /* LaunchScreen.storyboard */ = {
			isa = PBXVariantGroup;
			children = (
				D5B13B8C23877A4200F3FA52 /* Base */,
			);
			name = LaunchScreen.storyboard;
			sourceTree = "<group>";
		};
/* End PBXVariantGroup section */

/* Begin XCBuildConfiguration section */
		D5B13BA523877A4200F3FA52 /* Debug */ = {
			isa = XCBuildConfiguration;
			buildSettings = {
				ALWAYS_SEARCH_USER_PATHS = NO;
				CLANG_ANALYZER_NONNULL = YES;
				CLANG_ANALYZER_NUMBER_OBJECT_CONVERSION = YES_AGGRESSIVE;
				CLANG_CXX_LANGUAGE_STANDARD = "gnu++14";
				CLANG_CXX_LIBRARY = "libc++";
				CLANG_ENABLE_MODULES = YES;
				CLANG_ENABLE_OBJC_ARC = YES;
				CLANG_ENABLE_OBJC_WEAK = YES;
				CLANG_WARN_BLOCK_CAPTURE_AUTORELEASING = YES;
				CLANG_WARN_BOOL_CONVERSION = YES;
				CLANG_WARN_COMMA = YES;
				CLANG_WARN_CONSTANT_CONVERSION = YES;
				CLANG_WARN_DEPRECATED_OBJC_IMPLEMENTATIONS = YES;
				CLANG_WARN_DIRECT_OBJC_ISA_USAGE = YES_ERROR;
				CLANG_WARN_DOCUMENTATION_COMMENTS = YES;
				CLANG_WARN_EMPTY_BODY = YES;
				CLANG_WARN_ENUM_CONVERSION = YES;
				CLANG_WARN_INFINITE_RECURSION = YES;
				CLANG_WARN_INT_CONVERSION = YES;
				CLANG_WARN_NON_LITERAL_NULL_CONVERSION = YES;
				CLANG_WARN_OBJC_IMPLICIT_RETAIN_SELF = YES;
				CLANG_WARN_OBJC_LITERAL_CONVERSION = YES;
				CLANG_WARN_OBJC_ROOT_CLASS = YES_ERROR;
				CLANG_WARN_RANGE_LOOP_ANALYSIS = YES;
				CLANG_WARN_STRICT_PROTOTYPES = YES;
				CLANG_WARN_SUSPICIOUS_MOVE = YES;
				CLANG_WARN_UNGUARDED_AVAILABILITY = YES_AGGRESSIVE;
				CLANG_WARN_UNREACHABLE_CODE = YES;
				CLANG_WARN__DUPLICATE_METHOD_MATCH = YES;
				COPY_PHASE_STRIP = NO;
				DEBUG_INFORMATION_FORMAT = dwarf;
				ENABLE_STRICT_OBJC_MSGSEND = YES;
				ENABLE_TESTABILITY = YES;
				GCC_C_LANGUAGE_STANDARD = gnu11;
				GCC_DYNAMIC_NO_PIC = NO;
				GCC_NO_COMMON_BLOCKS = YES;
				GCC_OPTIMIZATION_LEVEL = 0;
				GCC_PREPROCESSOR_DEFINITIONS = (
					"DEBUG=1",
					"$(inherited)",
				);
				GCC_WARN_64_TO_32_BIT_CONVERSION = YES;
				GCC_WARN_ABOUT_RETURN_TYPE = YES_ERROR;
				GCC_WARN_UNDECLARED_SELECTOR = YES;
				GCC_WARN_UNINITIALIZED_AUTOS = YES_AGGRESSIVE;
				GCC_WARN_UNUSED_FUNCTION = YES;
				GCC_WARN_UNUSED_VARIABLE = YES;
				IPHONEOS_DEPLOYMENT_TARGET = 13.2;
				MTL_ENABLE_DEBUG_INFO = INCLUDE_SOURCE;
				MTL_FAST_MATH = YES;
				ONLY_ACTIVE_ARCH = YES;
				SDKROOT = iphoneos;
				SWIFT_ACTIVE_COMPILATION_CONDITIONS = DEBUG;
				SWIFT_OPTIMIZATION_LEVEL = "-Onone";
			};
			name = Debug;
		};
		D5B13BA623877A4200F3FA52 /* Release */ = {
			isa = XCBuildConfiguration;
			buildSettings = {
				ALWAYS_SEARCH_USER_PATHS = NO;
				CLANG_ANALYZER_NONNULL = YES;
				CLANG_ANALYZER_NUMBER_OBJECT_CONVERSION = YES_AGGRESSIVE;
				CLANG_CXX_LANGUAGE_STANDARD = "gnu++14";
				CLANG_CXX_LIBRARY = "libc++";
				CLANG_ENABLE_MODULES = YES;
				CLANG_ENABLE_OBJC_ARC = YES;
				CLANG_ENABLE_OBJC_WEAK = YES;
				CLANG_WARN_BLOCK_CAPTURE_AUTORELEASING = YES;
				CLANG_WARN_BOOL_CONVERSION = YES;
				CLANG_WARN_COMMA = YES;
				CLANG_WARN_CONSTANT_CONVERSION = YES;
				CLANG_WARN_DEPRECATED_OBJC_IMPLEMENTATIONS = YES;
				CLANG_WARN_DIRECT_OBJC_ISA_USAGE = YES_ERROR;
				CLANG_WARN_DOCUMENTATION_COMMENTS = YES;
				CLANG_WARN_EMPTY_BODY = YES;
				CLANG_WARN_ENUM_CONVERSION = YES;
				CLANG_WARN_INFINITE_RECURSION = YES;
				CLANG_WARN_INT_CONVERSION = YES;
				CLANG_WARN_NON_LITERAL_NULL_CONVERSION = YES;
				CLANG_WARN_OBJC_IMPLICIT_RETAIN_SELF = YES;
				CLANG_WARN_OBJC_LITERAL_CONVERSION = YES;
				CLANG_WARN_OBJC_ROOT_CLASS = YES_ERROR;
				CLANG_WARN_RANGE_LOOP_ANALYSIS = YES;
				CLANG_WARN_STRICT_PROTOTYPES = YES;
				CLANG_WARN_SUSPICIOUS_MOVE = YES;
				CLANG_WARN_UNGUARDED_AVAILABILITY = YES_AGGRESSIVE;
				CLANG_WARN_UNREACHABLE_CODE = YES;
				CLANG_WARN__DUPLICATE_METHOD_MATCH = YES;
				COPY_PHASE_STRIP = NO;
				DEBUG_INFORMATION_FORMAT = "dwarf-with-dsym";
				ENABLE_NS_ASSERTIONS = NO;
				ENABLE_STRICT_OBJC_MSGSEND = YES;
				GCC_C_LANGUAGE_STANDARD = gnu11;
				GCC_NO_COMMON_BLOCKS = YES;
				GCC_WARN_64_TO_32_BIT_CONVERSION = YES;
				GCC_WARN_ABOUT_RETURN_TYPE = YES_ERROR;
				GCC_WARN_UNDECLARED_SELECTOR = YES;
				GCC_WARN_UNINITIALIZED_AUTOS = YES_AGGRESSIVE;
				GCC_WARN_UNUSED_FUNCTION = YES;
				GCC_WARN_UNUSED_VARIABLE = YES;
				IPHONEOS_DEPLOYMENT_TARGET = 13.2;
				MTL_ENABLE_DEBUG_INFO = NO;
				MTL_FAST_MATH = YES;
				SDKROOT = iphoneos;
				SWIFT_COMPILATION_MODE = wholemodule;
				SWIFT_OPTIMIZATION_LEVEL = "-O";
				VALIDATE_PRODUCT = YES;
			};
			name = Release;
		};
		D5B13BA823877A4200F3FA52 /* Debug */ = {
			isa = XCBuildConfiguration;
			buildSettings = {
				ASSETCATALOG_COMPILER_APPICON_NAME = AppIcon;
				CODE_SIGN_STYLE = Automatic;
				DEVELOPMENT_ASSET_PATHS = "\"Landmarks/Preview Content\"";
				ENABLE_PREVIEWS = YES;
				INFOPLIST_FILE = Landmarks/Info.plist;
				LD_RUNPATH_SEARCH_PATHS = (
					"$(inherited)",
					"@executable_path/Frameworks",
				);
				PRODUCT_BUNDLE_IDENTIFIER = DaveMaynard.Landmarks;
				PRODUCT_NAME = "$(TARGET_NAME)";
				SWIFT_VERSION = 5.0;
				TARGETED_DEVICE_FAMILY = "1,2";
			};
			name = Debug;
		};
		D5B13BA923877A4200F3FA52 /* Release */ = {
			isa = XCBuildConfiguration;
			buildSettings = {
				ASSETCATALOG_COMPILER_APPICON_NAME = AppIcon;
				CODE_SIGN_STYLE = Automatic;
				DEVELOPMENT_ASSET_PATHS = "\"Landmarks/Preview Content\"";
				ENABLE_PREVIEWS = YES;
				INFOPLIST_FILE = Landmarks/Info.plist;
				LD_RUNPATH_SEARCH_PATHS = (
					"$(inherited)",
					"@executable_path/Frameworks",
				);
				PRODUCT_BUNDLE_IDENTIFIER = DaveMaynard.Landmarks;
				PRODUCT_NAME = "$(TARGET_NAME)";
				SWIFT_VERSION = 5.0;
				TARGETED_DEVICE_FAMILY = "1,2";
			};
			name = Release;
		};
		D5B13BAB23877A4200F3FA52 /* Debug */ = {
			isa = XCBuildConfiguration;
			buildSettings = {
				ALWAYS_EMBED_SWIFT_STANDARD_LIBRARIES = YES;
				BUNDLE_LOADER = "$(TEST_HOST)";
				CODE_SIGN_STYLE = Automatic;
				INFOPLIST_FILE = LandmarksTests/Info.plist;
				IPHONEOS_DEPLOYMENT_TARGET = 13.2;
				LD_RUNPATH_SEARCH_PATHS = (
					"$(inherited)",
					"@executable_path/Frameworks",
					"@loader_path/Frameworks",
				);
				PRODUCT_BUNDLE_IDENTIFIER = DaveMaynard.LandmarksTests;
				PRODUCT_NAME = "$(TARGET_NAME)";
				SWIFT_VERSION = 5.0;
				TARGETED_DEVICE_FAMILY = "1,2";
				TEST_HOST = "$(BUILT_PRODUCTS_DIR)/Landmarks.app/Landmarks";
			};
			name = Debug;
		};
		D5B13BAC23877A4200F3FA52 /* Release */ = {
			isa = XCBuildConfiguration;
			buildSettings = {
				ALWAYS_EMBED_SWIFT_STANDARD_LIBRARIES = YES;
				BUNDLE_LOADER = "$(TEST_HOST)";
				CODE_SIGN_STYLE = Automatic;
				INFOPLIST_FILE = LandmarksTests/Info.plist;
				IPHONEOS_DEPLOYMENT_TARGET = 13.2;
				LD_RUNPATH_SEARCH_PATHS = (
					"$(inherited)",
					"@executable_path/Frameworks",
					"@loader_path/Frameworks",
				);
				PRODUCT_BUNDLE_IDENTIFIER = DaveMaynard.LandmarksTests;
				PRODUCT_NAME = "$(TARGET_NAME)";
				SWIFT_VERSION = 5.0;
				TARGETED_DEVICE_FAMILY = "1,2";
				TEST_HOST = "$(BUILT_PRODUCTS_DIR)/Landmarks.app/Landmarks";
			};
			name = Release;
		};
		D5B13BAE23877A4200F3FA52 /* Debug */ = {
			isa = XCBuildConfiguration;
			buildSettings = {
				ALWAYS_EMBED_SWIFT_STANDARD_LIBRARIES = YES;
				CODE_SIGN_STYLE = Automatic;
				INFOPLIST_FILE = LandmarksUITests/Info.plist;
				LD_RUNPATH_SEARCH_PATHS = (
					"$(inherited)",
					"@executable_path/Frameworks",
					"@loader_path/Frameworks",
				);
				PRODUCT_BUNDLE_IDENTIFIER = DaveMaynard.LandmarksUITests;
				PRODUCT_NAME = "$(TARGET_NAME)";
				SWIFT_VERSION = 5.0;
				TARGETED_DEVICE_FAMILY = "1,2";
				TEST_TARGET_NAME = Landmarks;
			};
			name = Debug;
		};
		D5B13BAF23877A4200F3FA52 /* Release */ = {
			isa = XCBuildConfiguration;
			buildSettings = {
				ALWAYS_EMBED_SWIFT_STANDARD_LIBRARIES = YES;
				CODE_SIGN_STYLE = Automatic;
				INFOPLIST_FILE = LandmarksUITests/Info.plist;
				LD_RUNPATH_SEARCH_PATHS = (
					"$(inherited)",
					"@executable_path/Frameworks",
					"@loader_path/Frameworks",
				);
				PRODUCT_BUNDLE_IDENTIFIER = DaveMaynard.LandmarksUITests;
				PRODUCT_NAME = "$(TARGET_NAME)";
				SWIFT_VERSION = 5.0;
				TARGETED_DEVICE_FAMILY = "1,2";
				TEST_TARGET_NAME = Landmarks;
			};
			name = Release;
		};
/* End XCBuildConfiguration section */

/* Begin XCConfigurationList section */
		D5B13B7823877A3D00F3FA52 /* Build configuration list for PBXProject "Landmarks" */ = {
			isa = XCConfigurationList;
			buildConfigurations = (
				D5B13BA523877A4200F3FA52 /* Debug */,
				D5B13BA623877A4200F3FA52 /* Release */,
			);
			defaultConfigurationIsVisible = 0;
			defaultConfigurationName = Release;
		};
		D5B13BA723877A4200F3FA52 /* Build configuration list for PBXNativeTarget "Landmarks" */ = {
			isa = XCConfigurationList;
			buildConfigurations = (
				D5B13BA823877A4200F3FA52 /* Debug */,
				D5B13BA923877A4200F3FA52 /* Release */,
			);
			defaultConfigurationIsVisible = 0;
			defaultConfigurationName = Release;
		};
		D5B13BAA23877A4200F3FA52 /* Build configuration list for PBXNativeTarget "LandmarksTests" */ = {
			isa = XCConfigurationList;
			buildConfigurations = (
				D5B13BAB23877A4200F3FA52 /* Debug */,
				D5B13BAC23877A4200F3FA52 /* Release */,
			);
			defaultConfigurationIsVisible = 0;
			defaultConfigurationName = Release;
		};
		D5B13BAD23877A4200F3FA52 /* Build configuration list for PBXNativeTarget "LandmarksUITests" */ = {
			isa = XCConfigurationList;
			buildConfigurations = (
				D5B13BAE23877A4200F3FA52 /* Debug */,
				D5B13BAF23877A4200F3FA52 /* Release */,
			);
			defaultConfigurationIsVisible = 0;
			defaultConfigurationName = Release;
		};
/* End XCConfigurationList section */
	};
	rootObject = D5B13B7523877A3D00F3FA52 /* Project object */;
}
